
Microsoft Visual Studio Solution File, Format Version 12.00
# Visual Studio 14
VisualStudioVersion = 14.0.25420.1
MinimumVisualStudioVersion = 10.0.40219.1
Project("{FAE04EC0-301F-11D3-BF4B-00C04F79EFBC}") = "KeksCS.Web", "KeksCS.Web\KeksCS.Web.csproj", "{4A320EB1-7758-4957-ADA0-AD3EF16248B5}"
EndProject
Project("{FAE04EC0-301F-11D3-BF4B-00C04F79EFBC}") = "KeksCS.Web.Tests", "KeksCS.Web.Tests\KeksCS.Web.Tests.csproj", "{F15FFF64-F6FD-4E85-9020-89660EC1963D}"
EndProject
Global
	GlobalSection(SolutionConfigurationPlatforms) = preSolution
		Debug|Any CPU = Debug|Any CPU
		Release|Any CPU = Release|Any CPU
	EndGlobalSection
	GlobalSection(ProjectConfigurationPlatforms) = postSolution
		{4A320EB1-7758-4957-ADA0-AD3EF16248B5}.Debug|Any CPU.ActiveCfg = Debug|Any CPU
		{4A320EB1-7758-4957-ADA0-AD3EF16248B5}.Debug|Any CPU.Build.0 = Debug|Any CPU
		{4A320EB1-7758-4957-ADA0-AD3EF16248B5}.Release|Any CPU.ActiveCfg = Release|Any CPU
		{4A320EB1-7758-4957-ADA0-AD3EF16248B5}.Release|Any CPU.Build.0 = Release|Any CPU
		{F15FFF64-F6FD-4E85-9020-89660EC1963D}.Debug|Any CPU.ActiveCfg = Debug|Any CPU
		{F15FFF64-F6FD-4E85-9020-89660EC1963D}.Debug|Any CPU.Build.0 = Debug|Any CPU
		{F15FFF64-F6FD-4E85-9020-89660EC1963D}.Release|Any CPU.ActiveCfg = Release|Any CPU
		{F15FFF64-F6FD-4E85-9020-89660EC1963D}.Release|Any CPU.Build.0 = Release|Any CPU
	EndGlobalSection
	GlobalSection(SolutionProperties) = preSolution
		HideSolutionNode = FALSE
	EndGlobalSection
EndGlobal
